// !$*UTF8*$!
{
	archiveVersion = 1;
	classes = {
	};
	objectVersion = 56;
	objects = {

/* Begin PBXBuildFile section */
		67B185702AE2883500E9822B /* LoginView.swift in Sources */ = {isa = PBXBuildFile; fileRef = 67B1856F2AE2883500E9822B /* LoginView.swift */; };
		67B185722AE28CE200E9822B /* ModifCompteView.swift in Sources */ = {isa = PBXBuildFile; fileRef = 67B185712AE28CE200E9822B /* ModifCompteView.swift */; };
		67B185802AE7A81A00E9822B /* DetailEventView.swift in Sources */ = {isa = PBXBuildFile; fileRef = 67B1857F2AE7A81A00E9822B /* DetailEventView.swift */; };
		67B185822AE7A83100E9822B /* ParametreView.swift in Sources */ = {isa = PBXBuildFile; fileRef = 67B185812AE7A83100E9822B /* ParametreView.swift */; };
		67B185842AE7B12D00E9822B /* EventScreenView.swift in Sources */ = {isa = PBXBuildFile; fileRef = 67B185832AE7B12D00E9822B /* EventScreenView.swift */; };
		67B185862AE9384800E9822B /* LangueView.swift in Sources */ = {isa = PBXBuildFile; fileRef = 67B185852AE9384800E9822B /* LangueView.swift */; };
		67B185882AE93A2500E9822B /* AboutView.swift in Sources */ = {isa = PBXBuildFile; fileRef = 67B185872AE93A2500E9822B /* AboutView.swift */; };
		67B1858A2AE93A9800E9822B /* SupportView.swift in Sources */ = {isa = PBXBuildFile; fileRef = 67B185892AE93A9800E9822B /* SupportView.swift */; };
		A913A09F2AE65C7900F8ACBE /* NotifParamView.swift in Sources */ = {isa = PBXBuildFile; fileRef = A913A09E2AE65C7900F8ACBE /* NotifParamView.swift */; };
		A913A0A12AE6602500F8ACBE /* MyCommandsView.swift in Sources */ = {isa = PBXBuildFile; fileRef = A913A0A02AE6602500F8ACBE /* MyCommandsView.swift */; };
		A913A0A32AE6641D00F8ACBE /* CommandReturnCard.swift in Sources */ = {isa = PBXBuildFile; fileRef = A913A0A22AE6641D00F8ACBE /* CommandReturnCard.swift */; };
		A913A0A52AE6667300F8ACBE /* CommandDetailView.swift in Sources */ = {isa = PBXBuildFile; fileRef = A913A0A42AE6667300F8ACBE /* CommandDetailView.swift */; };
		A913A0AB2AE6ACC800F8ACBE /* NotificationHandler.swift in Sources */ = {isa = PBXBuildFile; fileRef = A913A0AA2AE6ACC800F8ACBE /* NotificationHandler.swift */; };
		A913A0AE2AE6AE7600F8ACBE /* NotifView.swift in Sources */ = {isa = PBXBuildFile; fileRef = A913A0AD2AE6AE7600F8ACBE /* NotifView.swift */; };
		A975B2D62AE9442200321AB2 /* UserAPIRequest.swift in Sources */ = {isa = PBXBuildFile; fileRef = A975B2D52AE9442200321AB2 /* UserAPIRequest.swift */; };
		A975B2D82AE944F500321AB2 /* UserAPIModel.swift in Sources */ = {isa = PBXBuildFile; fileRef = A975B2D72AE944F500321AB2 /* UserAPIModel.swift */; };
		A975B2DA2AE9455500321AB2 /* CreatorAPIModel.swift in Sources */ = {isa = PBXBuildFile; fileRef = A975B2D92AE9455500321AB2 /* CreatorAPIModel.swift */; };
		A975B2DC2AE9462600321AB2 /* DataBaseImageAPIModel.swift in Sources */ = {isa = PBXBuildFile; fileRef = A975B2DB2AE9462600321AB2 /* DataBaseImageAPIModel.swift */; };
		A975B2DE2AE9467D00321AB2 /* local.env.swift in Sources */ = {isa = PBXBuildFile; fileRef = A975B2DD2AE9467D00321AB2 /* local.env.swift */; };
		A975B2E02AE9505000321AB2 /* TestAPIView.swift in Sources */ = {isa = PBXBuildFile; fileRef = A975B2DF2AE9505000321AB2 /* TestAPIView.swift */; };
		A975B2E22AE95D3F00321AB2 /* EventAPIModel.swift in Sources */ = {isa = PBXBuildFile; fileRef = A975B2E12AE95D3F00321AB2 /* EventAPIModel.swift */; };
		A975B2E42AE95DE800321AB2 /* ProductAPIModel.swift in Sources */ = {isa = PBXBuildFile; fileRef = A975B2E32AE95DE800321AB2 /* ProductAPIModel.swift */; };
		A975B2E62AE95E7100321AB2 /* TransactionAPIModel.swift in Sources */ = {isa = PBXBuildFile; fileRef = A975B2E52AE95E7100321AB2 /* TransactionAPIModel.swift */; };
		A975B2E82AE95F4C00321AB2 /* ProductAPIRequest.swift in Sources */ = {isa = PBXBuildFile; fileRef = A975B2E72AE95F4C00321AB2 /* ProductAPIRequest.swift */; };
		A975B2EA2AE95F5900321AB2 /* CreatorAPIRequest.swift in Sources */ = {isa = PBXBuildFile; fileRef = A975B2E92AE95F5900321AB2 /* CreatorAPIRequest.swift */; };
		A975B2EC2AE95F6500321AB2 /* EventAPIRequest.swift in Sources */ = {isa = PBXBuildFile; fileRef = A975B2EB2AE95F6500321AB2 /* EventAPIRequest.swift */; };
		A975B2EE2AE95F7000321AB2 /* TransactionAPIRequest.swift in Sources */ = {isa = PBXBuildFile; fileRef = A975B2ED2AE95F7000321AB2 /* TransactionAPIRequest.swift */; };
		A9D565452AE2814100085CE2 /* EtiK_AFPApp.swift in Sources */ = {isa = PBXBuildFile; fileRef = A9D565442AE2814100085CE2 /* EtiK_AFPApp.swift */; };
		A9D565492AE2814300085CE2 /* Assets.xcassets in Resources */ = {isa = PBXBuildFile; fileRef = A9D565482AE2814300085CE2 /* Assets.xcassets */; };
		A9D5654C2AE2814300085CE2 /* Preview Assets.xcassets in Resources */ = {isa = PBXBuildFile; fileRef = A9D5654B2AE2814300085CE2 /* Preview Assets.xcassets */; };
		A9D565582AE2826300085CE2 /* LandingView.swift in Sources */ = {isa = PBXBuildFile; fileRef = A9D565572AE2826300085CE2 /* LandingView.swift */; };
		A9D565612AE2828000085CE2 /* LargeButton.swift in Sources */ = {isa = PBXBuildFile; fileRef = A9D565592AE2827E00085CE2 /* LargeButton.swift */; };
		A9D565622AE2828000085CE2 /* PanierView.swift in Sources */ = {isa = PBXBuildFile; fileRef = A9D5655A2AE2827F00085CE2 /* PanierView.swift */; };
		A9D565632AE2828000085CE2 /* PiluleLabel.swift in Sources */ = {isa = PBXBuildFile; fileRef = A9D5655B2AE2827F00085CE2 /* PiluleLabel.swift */; };
		A9D565642AE2828000085CE2 /* FavorisView.swift in Sources */ = {isa = PBXBuildFile; fileRef = A9D5655C2AE2827F00085CE2 /* FavorisView.swift */; };
		A9D565652AE2828000085CE2 /* EventView.swift in Sources */ = {isa = PBXBuildFile; fileRef = A9D5655D2AE2827F00085CE2 /* EventView.swift */; };
		A9D565662AE2828000085CE2 /* DetailProduit.swift in Sources */ = {isa = PBXBuildFile; fileRef = A9D5655E2AE2827F00085CE2 /* DetailProduit.swift */; };
		A9D565672AE2828000085CE2 /* CreationView.swift in Sources */ = {isa = PBXBuildFile; fileRef = A9D5655F2AE2827F00085CE2 /* CreationView.swift */; };
		A9D565682AE2828000085CE2 /* ProfilView.swift in Sources */ = {isa = PBXBuildFile; fileRef = A9D565602AE2827F00085CE2 /* ProfilView.swift */; };
		A9D5656D2AE2829200085CE2 /* Italiana.ttf in Resources */ = {isa = PBXBuildFile; fileRef = A9D5656A2AE2829200085CE2 /* Italiana.ttf */; };
		A9D5656E2AE2829200085CE2 /* LibreFranklin.ttf in Resources */ = {isa = PBXBuildFile; fileRef = A9D5656B2AE2829200085CE2 /* LibreFranklin.ttf */; };
		A9D5656F2AE2829200085CE2 /* Italianno.ttf in Resources */ = {isa = PBXBuildFile; fileRef = A9D5656C2AE2829200085CE2 /* Italianno.ttf */; };
		A9D565762AE285EC00085CE2 /* CreateurFiltre.swift in Sources */ = {isa = PBXBuildFile; fileRef = A9D565722AE285EC00085CE2 /* CreateurFiltre.swift */; };
		A9D565772AE285EC00085CE2 /* SmallButtonToggle.swift in Sources */ = {isa = PBXBuildFile; fileRef = A9D565732AE285EC00085CE2 /* SmallButtonToggle.swift */; };
		A9D565782AE285EC00085CE2 /* SmallCreator.swift in Sources */ = {isa = PBXBuildFile; fileRef = A9D565742AE285EC00085CE2 /* SmallCreator.swift */; };
		A9D565792AE285ED00085CE2 /* SmallButtonDestination.swift in Sources */ = {isa = PBXBuildFile; fileRef = A9D565752AE285EC00085CE2 /* SmallButtonDestination.swift */; };
		A9D5657C2AE285F800085CE2 /* FollowedCreatorView.swift in Sources */ = {isa = PBXBuildFile; fileRef = A9D5657A2AE285F800085CE2 /* FollowedCreatorView.swift */; };
		A9D5657D2AE285F800085CE2 /* CreatorDetailView.swift in Sources */ = {isa = PBXBuildFile; fileRef = A9D5657B2AE285F800085CE2 /* CreatorDetailView.swift */; };
		A9D954D62AE29EB800C6933D /* RGPDView.swift in Sources */ = {isa = PBXBuildFile; fileRef = A9D954D52AE29EB800C6933D /* RGPDView.swift */; };
		A9D954D82AE2A2B800C6933D /* ReturnArticleView.swift in Sources */ = {isa = PBXBuildFile; fileRef = A9D954D72AE2A2B800C6933D /* ReturnArticleView.swift */; };
		C382A4042AE2865C00AA4C48 /* Searchtab.swift in Sources */ = {isa = PBXBuildFile; fileRef = C382A4032AE2865C00AA4C48 /* Searchtab.swift */; };
		C382A4062AE286B700AA4C48 /* CategorieCard.swift in Sources */ = {isa = PBXBuildFile; fileRef = C382A4052AE286B700AA4C48 /* CategorieCard.swift */; };
		CACC4EAC2AE2BA7F00DCBDCA /* Chatbase.swift in Sources */ = {isa = PBXBuildFile; fileRef = CACC4EAB2AE2BA7F00DCBDCA /* Chatbase.swift */; };
		CACC4EAE2AE2BAD800DCBDCA /* ChatRow.swift in Sources */ = {isa = PBXBuildFile; fileRef = CACC4EAD2AE2BAD800DCBDCA /* ChatRow.swift */; };
		CACC4EB02AE2BB0900DCBDCA /* ChatView.swift in Sources */ = {isa = PBXBuildFile; fileRef = CACC4EAF2AE2BB0900DCBDCA /* ChatView.swift */; };
		CACC4EB22AE2BB3500DCBDCA /* Date+Helpers.swift in Sources */ = {isa = PBXBuildFile; fileRef = CACC4EB12AE2BB3500DCBDCA /* Date+Helpers.swift */; };
		CACC4EB42AE2BBB000DCBDCA /* ChatModel.swift in Sources */ = {isa = PBXBuildFile; fileRef = CACC4EB32AE2BBB000DCBDCA /* ChatModel.swift */; };
		EB2E07F92AE7EB1F0078373A /* LocationManager.swift in Sources */ = {isa = PBXBuildFile; fileRef = EB2E07F82AE7EB1F0078373A /* LocationManager.swift */; };
		EB2E07FB2AE804B20078373A /* LikeButton.swift in Sources */ = {isa = PBXBuildFile; fileRef = EB2E07FA2AE804B20078373A /* LikeButton.swift */; };
		EB2E07FE2AE81C9C0078373A /* ARButton.swift in Sources */ = {isa = PBXBuildFile; fileRef = EB2E07FD2AE81C9C0078373A /* ARButton.swift */; };
		EB2E08042AE90F170078373A /* TitleCard.swift in Sources */ = {isa = PBXBuildFile; fileRef = EB2E08032AE90F170078373A /* TitleCard.swift */; };
		EB2E08062AE91CF10078373A /* PopUp.swift in Sources */ = {isa = PBXBuildFile; fileRef = EB2E08052AE91CF10078373A /* PopUp.swift */; };
		EB30B1932AE285DB00B75A21 /* PiluleStatut.swift in Sources */ = {isa = PBXBuildFile; fileRef = EB30B1922AE285DB00B75A21 /* PiluleStatut.swift */; };
		EB30B1952AE285ED00B75A21 /* SmallButton.swift in Sources */ = {isa = PBXBuildFile; fileRef = EB30B1942AE285ED00B75A21 /* SmallButton.swift */; };
		EB30B1972AE285F300B75A21 /* SmallCard.swift in Sources */ = {isa = PBXBuildFile; fileRef = EB30B1962AE285F300B75A21 /* SmallCard.swift */; };
		EB30B1992AE285F800B75A21 /* TextFieldProfil.swift in Sources */ = {isa = PBXBuildFile; fileRef = EB30B1982AE285F800B75A21 /* TextFieldProfil.swift */; };
		EB30B19B2AE2860200B75A21 /* CardCollection.swift in Sources */ = {isa = PBXBuildFile; fileRef = EB30B19A2AE2860200B75A21 /* CardCollection.swift */; };
		EB30B19D2AE2860800B75A21 /* CardProduit.swift in Sources */ = {isa = PBXBuildFile; fileRef = EB30B19C2AE2860800B75A21 /* CardProduit.swift */; };
		EB30B1A22AE2A14000B75A21 /* CardCategorie.swift in Sources */ = {isa = PBXBuildFile; fileRef = EB30B1A12AE2A14000B75A21 /* CardCategorie.swift */; };
		EB30B1A42AE2A14E00B75A21 /* CardThematique.swift in Sources */ = {isa = PBXBuildFile; fileRef = EB30B1A32AE2A14E00B75A21 /* CardThematique.swift */; };
		EB30B1A62AE2AC3900B75A21 /* CatalogueView.swift in Sources */ = {isa = PBXBuildFile; fileRef = EB30B1A52AE2AC3900B75A21 /* CatalogueView.swift */; };
		EBA511342AE2CD1200210517 /* MiniCard.swift in Sources */ = {isa = PBXBuildFile; fileRef = EBA511332AE2CD1200210517 /* MiniCard.swift */; };
		EBA511362AE65A9F00210517 /* StarView.swift in Sources */ = {isa = PBXBuildFile; fileRef = EBA511352AE65A9F00210517 /* StarView.swift */; };
		EBA511382AE65B0500210517 /* AvisCard.swift in Sources */ = {isa = PBXBuildFile; fileRef = EBA511372AE65B0500210517 /* AvisCard.swift */; };
		EBA5113A2AE65F6100210517 /* AvisView.swift in Sources */ = {isa = PBXBuildFile; fileRef = EBA511392AE65F6100210517 /* AvisView.swift */; };
		EBA5113C2AE670A000210517 /* ArticlePanierCard.swift in Sources */ = {isa = PBXBuildFile; fileRef = EBA5113B2AE670A000210517 /* ArticlePanierCard.swift */; };
		EBA5113E2AE6791400210517 /* ArticleModel.swift in Sources */ = {isa = PBXBuildFile; fileRef = EBA5113D2AE6791400210517 /* ArticleModel.swift */; };
/* End PBXBuildFile section */

/* Begin PBXFileReference section */
		67B1856F2AE2883500E9822B /* LoginView.swift */ = {isa = PBXFileReference; lastKnownFileType = sourcecode.swift; path = LoginView.swift; sourceTree = "<group>"; };
		67B185712AE28CE200E9822B /* ModifCompteView.swift */ = {isa = PBXFileReference; lastKnownFileType = sourcecode.swift; path = ModifCompteView.swift; sourceTree = "<group>"; };
		67B1857F2AE7A81A00E9822B /* DetailEventView.swift */ = {isa = PBXFileReference; fileEncoding = 4; lastKnownFileType = sourcecode.swift; path = DetailEventView.swift; sourceTree = "<group>"; };
		67B185812AE7A83100E9822B /* ParametreView.swift */ = {isa = PBXFileReference; fileEncoding = 4; lastKnownFileType = sourcecode.swift; path = ParametreView.swift; sourceTree = "<group>"; };
		67B185832AE7B12D00E9822B /* EventScreenView.swift */ = {isa = PBXFileReference; lastKnownFileType = sourcecode.swift; path = EventScreenView.swift; sourceTree = "<group>"; };
		67B185852AE9384800E9822B /* LangueView.swift */ = {isa = PBXFileReference; lastKnownFileType = sourcecode.swift; path = LangueView.swift; sourceTree = "<group>"; };
		67B185872AE93A2500E9822B /* AboutView.swift */ = {isa = PBXFileReference; lastKnownFileType = sourcecode.swift; path = AboutView.swift; sourceTree = "<group>"; };
		67B185892AE93A9800E9822B /* SupportView.swift */ = {isa = PBXFileReference; lastKnownFileType = sourcecode.swift; path = SupportView.swift; sourceTree = "<group>"; };
		A913A09E2AE65C7900F8ACBE /* NotifParamView.swift */ = {isa = PBXFileReference; lastKnownFileType = sourcecode.swift; path = NotifParamView.swift; sourceTree = "<group>"; };
		A913A0A02AE6602500F8ACBE /* MyCommandsView.swift */ = {isa = PBXFileReference; lastKnownFileType = sourcecode.swift; path = MyCommandsView.swift; sourceTree = "<group>"; };
		A913A0A22AE6641D00F8ACBE /* CommandReturnCard.swift */ = {isa = PBXFileReference; lastKnownFileType = sourcecode.swift; path = CommandReturnCard.swift; sourceTree = "<group>"; };
		A913A0A42AE6667300F8ACBE /* CommandDetailView.swift */ = {isa = PBXFileReference; lastKnownFileType = sourcecode.swift; path = CommandDetailView.swift; sourceTree = "<group>"; };
		A913A0AA2AE6ACC800F8ACBE /* NotificationHandler.swift */ = {isa = PBXFileReference; lastKnownFileType = sourcecode.swift; path = NotificationHandler.swift; sourceTree = "<group>"; };
		A913A0AD2AE6AE7600F8ACBE /* NotifView.swift */ = {isa = PBXFileReference; lastKnownFileType = sourcecode.swift; path = NotifView.swift; sourceTree = "<group>"; };
		A975B2D52AE9442200321AB2 /* UserAPIRequest.swift */ = {isa = PBXFileReference; lastKnownFileType = sourcecode.swift; path = UserAPIRequest.swift; sourceTree = "<group>"; };
		A975B2D72AE944F500321AB2 /* UserAPIModel.swift */ = {isa = PBXFileReference; lastKnownFileType = sourcecode.swift; path = UserAPIModel.swift; sourceTree = "<group>"; };
		A975B2D92AE9455500321AB2 /* CreatorAPIModel.swift */ = {isa = PBXFileReference; lastKnownFileType = sourcecode.swift; path = CreatorAPIModel.swift; sourceTree = "<group>"; };
		A975B2DB2AE9462600321AB2 /* DataBaseImageAPIModel.swift */ = {isa = PBXFileReference; lastKnownFileType = sourcecode.swift; path = DataBaseImageAPIModel.swift; sourceTree = "<group>"; };
		A975B2DD2AE9467D00321AB2 /* local.env.swift */ = {isa = PBXFileReference; lastKnownFileType = sourcecode.swift; path = local.env.swift; sourceTree = "<group>"; };
		A975B2DF2AE9505000321AB2 /* TestAPIView.swift */ = {isa = PBXFileReference; lastKnownFileType = sourcecode.swift; path = TestAPIView.swift; sourceTree = "<group>"; };
		A975B2E12AE95D3F00321AB2 /* EventAPIModel.swift */ = {isa = PBXFileReference; lastKnownFileType = sourcecode.swift; path = EventAPIModel.swift; sourceTree = "<group>"; };
		A975B2E32AE95DE800321AB2 /* ProductAPIModel.swift */ = {isa = PBXFileReference; lastKnownFileType = sourcecode.swift; path = ProductAPIModel.swift; sourceTree = "<group>"; };
		A975B2E52AE95E7100321AB2 /* TransactionAPIModel.swift */ = {isa = PBXFileReference; lastKnownFileType = sourcecode.swift; path = TransactionAPIModel.swift; sourceTree = "<group>"; };
		A975B2E72AE95F4C00321AB2 /* ProductAPIRequest.swift */ = {isa = PBXFileReference; lastKnownFileType = sourcecode.swift; path = ProductAPIRequest.swift; sourceTree = "<group>"; };
		A975B2E92AE95F5900321AB2 /* CreatorAPIRequest.swift */ = {isa = PBXFileReference; lastKnownFileType = sourcecode.swift; path = CreatorAPIRequest.swift; sourceTree = "<group>"; };
		A975B2EB2AE95F6500321AB2 /* EventAPIRequest.swift */ = {isa = PBXFileReference; lastKnownFileType = sourcecode.swift; path = EventAPIRequest.swift; sourceTree = "<group>"; };
		A975B2ED2AE95F7000321AB2 /* TransactionAPIRequest.swift */ = {isa = PBXFileReference; lastKnownFileType = sourcecode.swift; path = TransactionAPIRequest.swift; sourceTree = "<group>"; };
		A9D565412AE2814100085CE2 /* EtiK_AFP.app */ = {isa = PBXFileReference; explicitFileType = wrapper.application; includeInIndex = 0; path = EtiK_AFP.app; sourceTree = BUILT_PRODUCTS_DIR; };
		A9D565442AE2814100085CE2 /* EtiK_AFPApp.swift */ = {isa = PBXFileReference; lastKnownFileType = sourcecode.swift; path = EtiK_AFPApp.swift; sourceTree = "<group>"; };
		A9D565482AE2814300085CE2 /* Assets.xcassets */ = {isa = PBXFileReference; lastKnownFileType = folder.assetcatalog; path = Assets.xcassets; sourceTree = "<group>"; };
		A9D5654B2AE2814300085CE2 /* Preview Assets.xcassets */ = {isa = PBXFileReference; lastKnownFileType = folder.assetcatalog; path = "Preview Assets.xcassets"; sourceTree = "<group>"; };
		A9D565572AE2826300085CE2 /* LandingView.swift */ = {isa = PBXFileReference; fileEncoding = 4; lastKnownFileType = sourcecode.swift; path = LandingView.swift; sourceTree = "<group>"; };
		A9D565592AE2827E00085CE2 /* LargeButton.swift */ = {isa = PBXFileReference; fileEncoding = 4; lastKnownFileType = sourcecode.swift; path = LargeButton.swift; sourceTree = "<group>"; };
		A9D5655A2AE2827F00085CE2 /* PanierView.swift */ = {isa = PBXFileReference; fileEncoding = 4; lastKnownFileType = sourcecode.swift; path = PanierView.swift; sourceTree = "<group>"; };
		A9D5655B2AE2827F00085CE2 /* PiluleLabel.swift */ = {isa = PBXFileReference; fileEncoding = 4; lastKnownFileType = sourcecode.swift; path = PiluleLabel.swift; sourceTree = "<group>"; };
		A9D5655C2AE2827F00085CE2 /* FavorisView.swift */ = {isa = PBXFileReference; fileEncoding = 4; lastKnownFileType = sourcecode.swift; path = FavorisView.swift; sourceTree = "<group>"; };
		A9D5655D2AE2827F00085CE2 /* EventView.swift */ = {isa = PBXFileReference; fileEncoding = 4; lastKnownFileType = sourcecode.swift; path = EventView.swift; sourceTree = "<group>"; };
		A9D5655E2AE2827F00085CE2 /* DetailProduit.swift */ = {isa = PBXFileReference; fileEncoding = 4; lastKnownFileType = sourcecode.swift; path = DetailProduit.swift; sourceTree = "<group>"; };
		A9D5655F2AE2827F00085CE2 /* CreationView.swift */ = {isa = PBXFileReference; fileEncoding = 4; lastKnownFileType = sourcecode.swift; path = CreationView.swift; sourceTree = "<group>"; };
		A9D565602AE2827F00085CE2 /* ProfilView.swift */ = {isa = PBXFileReference; fileEncoding = 4; lastKnownFileType = sourcecode.swift; path = ProfilView.swift; sourceTree = "<group>"; };
		A9D5656A2AE2829200085CE2 /* Italiana.ttf */ = {isa = PBXFileReference; lastKnownFileType = file; path = Italiana.ttf; sourceTree = "<group>"; };
		A9D5656B2AE2829200085CE2 /* LibreFranklin.ttf */ = {isa = PBXFileReference; lastKnownFileType = file; path = LibreFranklin.ttf; sourceTree = "<group>"; };
		A9D5656C2AE2829200085CE2 /* Italianno.ttf */ = {isa = PBXFileReference; lastKnownFileType = file; path = Italianno.ttf; sourceTree = "<group>"; };
		A9D565722AE285EC00085CE2 /* CreateurFiltre.swift */ = {isa = PBXFileReference; fileEncoding = 4; lastKnownFileType = sourcecode.swift; path = CreateurFiltre.swift; sourceTree = "<group>"; };
		A9D565732AE285EC00085CE2 /* SmallButtonToggle.swift */ = {isa = PBXFileReference; fileEncoding = 4; lastKnownFileType = sourcecode.swift; path = SmallButtonToggle.swift; sourceTree = "<group>"; };
		A9D565742AE285EC00085CE2 /* SmallCreator.swift */ = {isa = PBXFileReference; fileEncoding = 4; lastKnownFileType = sourcecode.swift; path = SmallCreator.swift; sourceTree = "<group>"; };
		A9D565752AE285EC00085CE2 /* SmallButtonDestination.swift */ = {isa = PBXFileReference; fileEncoding = 4; lastKnownFileType = sourcecode.swift; path = SmallButtonDestination.swift; sourceTree = "<group>"; };
		A9D5657A2AE285F800085CE2 /* FollowedCreatorView.swift */ = {isa = PBXFileReference; fileEncoding = 4; lastKnownFileType = sourcecode.swift; path = FollowedCreatorView.swift; sourceTree = "<group>"; };
		A9D5657B2AE285F800085CE2 /* CreatorDetailView.swift */ = {isa = PBXFileReference; fileEncoding = 4; lastKnownFileType = sourcecode.swift; path = CreatorDetailView.swift; sourceTree = "<group>"; };
		A9D954D52AE29EB800C6933D /* RGPDView.swift */ = {isa = PBXFileReference; lastKnownFileType = sourcecode.swift; path = RGPDView.swift; sourceTree = "<group>"; };
		A9D954D72AE2A2B800C6933D /* ReturnArticleView.swift */ = {isa = PBXFileReference; lastKnownFileType = sourcecode.swift; path = ReturnArticleView.swift; sourceTree = "<group>"; };
		C382A4032AE2865C00AA4C48 /* Searchtab.swift */ = {isa = PBXFileReference; lastKnownFileType = sourcecode.swift; path = Searchtab.swift; sourceTree = "<group>"; };
		C382A4052AE286B700AA4C48 /* CategorieCard.swift */ = {isa = PBXFileReference; lastKnownFileType = sourcecode.swift; path = CategorieCard.swift; sourceTree = "<group>"; };
		CACC4EAB2AE2BA7F00DCBDCA /* Chatbase.swift */ = {isa = PBXFileReference; lastKnownFileType = sourcecode.swift; path = Chatbase.swift; sourceTree = "<group>"; };
		CACC4EAD2AE2BAD800DCBDCA /* ChatRow.swift */ = {isa = PBXFileReference; lastKnownFileType = sourcecode.swift; name = ChatRow.swift; path = EtiK_AFP/Helpers/ChatRow.swift; sourceTree = SOURCE_ROOT; };
		CACC4EAF2AE2BB0900DCBDCA /* ChatView.swift */ = {isa = PBXFileReference; lastKnownFileType = sourcecode.swift; path = ChatView.swift; sourceTree = "<group>"; };
		CACC4EB12AE2BB3500DCBDCA /* Date+Helpers.swift */ = {isa = PBXFileReference; lastKnownFileType = sourcecode.swift; name = "Date+Helpers.swift"; path = "EtiK_AFP/View/Date+Helpers.swift"; sourceTree = SOURCE_ROOT; };
		CACC4EB32AE2BBB000DCBDCA /* ChatModel.swift */ = {isa = PBXFileReference; lastKnownFileType = sourcecode.swift; name = ChatModel.swift; path = EtiK_AFP/View/ChatModel.swift; sourceTree = SOURCE_ROOT; };
		EB2E07F82AE7EB1F0078373A /* LocationManager.swift */ = {isa = PBXFileReference; lastKnownFileType = sourcecode.swift; path = LocationManager.swift; sourceTree = "<group>"; };
		EB2E07FA2AE804B20078373A /* LikeButton.swift */ = {isa = PBXFileReference; lastKnownFileType = sourcecode.swift; path = LikeButton.swift; sourceTree = "<group>"; };
		EB2E07FD2AE81C9C0078373A /* ARButton.swift */ = {isa = PBXFileReference; lastKnownFileType = sourcecode.swift; path = ARButton.swift; sourceTree = "<group>"; };
		EB2E08032AE90F170078373A /* TitleCard.swift */ = {isa = PBXFileReference; lastKnownFileType = sourcecode.swift; path = TitleCard.swift; sourceTree = "<group>"; };
		EB2E08052AE91CF10078373A /* PopUp.swift */ = {isa = PBXFileReference; lastKnownFileType = sourcecode.swift; path = PopUp.swift; sourceTree = "<group>"; };
		EB30B1922AE285DB00B75A21 /* PiluleStatut.swift */ = {isa = PBXFileReference; fileEncoding = 4; lastKnownFileType = sourcecode.swift; path = PiluleStatut.swift; sourceTree = "<group>"; };
		EB30B1942AE285ED00B75A21 /* SmallButton.swift */ = {isa = PBXFileReference; fileEncoding = 4; lastKnownFileType = sourcecode.swift; path = SmallButton.swift; sourceTree = "<group>"; };
		EB30B1962AE285F300B75A21 /* SmallCard.swift */ = {isa = PBXFileReference; fileEncoding = 4; lastKnownFileType = sourcecode.swift; path = SmallCard.swift; sourceTree = "<group>"; };
		EB30B1982AE285F800B75A21 /* TextFieldProfil.swift */ = {isa = PBXFileReference; fileEncoding = 4; lastKnownFileType = sourcecode.swift; path = TextFieldProfil.swift; sourceTree = "<group>"; };
		EB30B19A2AE2860200B75A21 /* CardCollection.swift */ = {isa = PBXFileReference; fileEncoding = 4; lastKnownFileType = sourcecode.swift; path = CardCollection.swift; sourceTree = "<group>"; };
		EB30B19C2AE2860800B75A21 /* CardProduit.swift */ = {isa = PBXFileReference; fileEncoding = 4; lastKnownFileType = sourcecode.swift; path = CardProduit.swift; sourceTree = "<group>"; };
		EB30B1A12AE2A14000B75A21 /* CardCategorie.swift */ = {isa = PBXFileReference; lastKnownFileType = sourcecode.swift; path = CardCategorie.swift; sourceTree = "<group>"; };
		EB30B1A32AE2A14E00B75A21 /* CardThematique.swift */ = {isa = PBXFileReference; lastKnownFileType = sourcecode.swift; path = CardThematique.swift; sourceTree = "<group>"; };
		EB30B1A52AE2AC3900B75A21 /* CatalogueView.swift */ = {isa = PBXFileReference; lastKnownFileType = sourcecode.swift; path = CatalogueView.swift; sourceTree = "<group>"; };
		EBA511332AE2CD1200210517 /* MiniCard.swift */ = {isa = PBXFileReference; lastKnownFileType = sourcecode.swift; path = MiniCard.swift; sourceTree = "<group>"; };
		EBA511352AE65A9F00210517 /* StarView.swift */ = {isa = PBXFileReference; lastKnownFileType = sourcecode.swift; path = StarView.swift; sourceTree = "<group>"; };
		EBA511372AE65B0500210517 /* AvisCard.swift */ = {isa = PBXFileReference; lastKnownFileType = sourcecode.swift; path = AvisCard.swift; sourceTree = "<group>"; };
		EBA511392AE65F6100210517 /* AvisView.swift */ = {isa = PBXFileReference; lastKnownFileType = sourcecode.swift; path = AvisView.swift; sourceTree = "<group>"; };
		EBA5113B2AE670A000210517 /* ArticlePanierCard.swift */ = {isa = PBXFileReference; lastKnownFileType = sourcecode.swift; path = ArticlePanierCard.swift; sourceTree = "<group>"; };
		EBA5113D2AE6791400210517 /* ArticleModel.swift */ = {isa = PBXFileReference; lastKnownFileType = sourcecode.swift; name = ArticleModel.swift; path = EtiK_AFP/Helpers/ArticleModel.swift; sourceTree = SOURCE_ROOT; };
/* End PBXFileReference section */

/* Begin PBXFrameworksBuildPhase section */
		A9D5653E2AE2814100085CE2 /* Frameworks */ = {
			isa = PBXFrameworksBuildPhase;
			buildActionMask = 2147483647;
			files = (
			);
			runOnlyForDeploymentPostprocessing = 0;
		};
/* End PBXFrameworksBuildPhase section */

/* Begin PBXGroup section */
		A913A0AC2AE6AE5000F8ACBE /* Notification */ = {
			isa = PBXGroup;
			children = (
				A913A0AA2AE6ACC800F8ACBE /* NotificationHandler.swift */,
				A913A0AD2AE6AE7600F8ACBE /* NotifView.swift */,
			);
			path = Notification;
			sourceTree = "<group>";
		};
		A975B2D42AE9440A00321AB2 /* Request */ = {
			isa = PBXGroup;
			children = (
				A975B2D52AE9442200321AB2 /* UserAPIRequest.swift */,
				A975B2DD2AE9467D00321AB2 /* local.env.swift */,
				A975B2DF2AE9505000321AB2 /* TestAPIView.swift */,
				A975B2E72AE95F4C00321AB2 /* ProductAPIRequest.swift */,
				A975B2E92AE95F5900321AB2 /* CreatorAPIRequest.swift */,
				A975B2EB2AE95F6500321AB2 /* EventAPIRequest.swift */,
				A975B2ED2AE95F7000321AB2 /* TransactionAPIRequest.swift */,
			);
			path = Request;
			sourceTree = "<group>";
		};
		A9D565382AE2814000085CE2 = {
			isa = PBXGroup;
			children = (
				A9D565432AE2814100085CE2 /* EtiK_AFP */,
				A9D565422AE2814100085CE2 /* Products */,
			);
			sourceTree = "<group>";
		};
		A9D565422AE2814100085CE2 /* Products */ = {
			isa = PBXGroup;
			children = (
				A9D565412AE2814100085CE2 /* EtiK_AFP.app */,
			);
			name = Products;
			sourceTree = "<group>";
		};
		A9D565432AE2814100085CE2 /* EtiK_AFP */ = {
			isa = PBXGroup;
			children = (
				A9D565522AE2820D00085CE2 /* App */,
				A9D565532AE2821300085CE2 /* View */,
				A9D565542AE2821F00085CE2 /* Model */,
				A9D565562AE2822B00085CE2 /* Helpers */,
				A9D565552AE2822500085CE2 /* ViewModel */,
				A9D565482AE2814300085CE2 /* Assets.xcassets */,
				A9D565692AE2829200085CE2 /* Fonts */,
				A9D5654A2AE2814300085CE2 /* Preview Content */,
			);
			path = EtiK_AFP;
			sourceTree = "<group>";
		};
		A9D5654A2AE2814300085CE2 /* Preview Content */ = {
			isa = PBXGroup;
			children = (
				A9D5654B2AE2814300085CE2 /* Preview Assets.xcassets */,
			);
			path = "Preview Content";
			sourceTree = "<group>";
		};
		A9D565522AE2820D00085CE2 /* App */ = {
			isa = PBXGroup;
			children = (
				A9D565442AE2814100085CE2 /* EtiK_AFPApp.swift */,
			);
			path = App;
			sourceTree = "<group>";
		};
		A9D565532AE2821300085CE2 /* View */ = {
			isa = PBXGroup;
			children = (
				A9D565572AE2826300085CE2 /* LandingView.swift */,
				EB2E07FC2AE819410078373A /* MainViews */,
				EB30B1A52AE2AC3900B75A21 /* CatalogueView.swift */,
				A9D5655E2AE2827F00085CE2 /* DetailProduit.swift */,
				67B1857F2AE7A81A00E9822B /* DetailEventView.swift */,
				67B185832AE7B12D00E9822B /* EventScreenView.swift */,
				67B185812AE7A83100E9822B /* ParametreView.swift */,
				67B185712AE28CE200E9822B /* ModifCompteView.swift */,
				CACC4EAF2AE2BB0900DCBDCA /* ChatView.swift */,
				A9D5657B2AE285F800085CE2 /* CreatorDetailView.swift */,
				A9D5657A2AE285F800085CE2 /* FollowedCreatorView.swift */,
				A9D954D52AE29EB800C6933D /* RGPDView.swift */,
				67B185852AE9384800E9822B /* LangueView.swift */,
				67B185892AE93A9800E9822B /* SupportView.swift */,
				67B185872AE93A2500E9822B /* AboutView.swift */,
				67B1856F2AE2883500E9822B /* LoginView.swift */,
				A913A09E2AE65C7900F8ACBE /* NotifParamView.swift */,
				A9D954D72AE2A2B800C6933D /* ReturnArticleView.swift */,
				A913A0A02AE6602500F8ACBE /* MyCommandsView.swift */,
				A913A0A42AE6667300F8ACBE /* CommandDetailView.swift */,
				EBA511392AE65F6100210517 /* AvisView.swift */,
			);
			path = View;
			sourceTree = "<group>";
		};
		A9D565542AE2821F00085CE2 /* Model */ = {
			isa = PBXGroup;
			children = (
				CACC4EB32AE2BBB000DCBDCA /* ChatModel.swift */,
				EBA5113D2AE6791400210517 /* ArticleModel.swift */,
				A975B2D92AE9455500321AB2 /* CreatorAPIModel.swift */,
				A975B2DB2AE9462600321AB2 /* DataBaseImageAPIModel.swift */,
				A975B2D72AE944F500321AB2 /* UserAPIModel.swift */,
				A975B2E12AE95D3F00321AB2 /* EventAPIModel.swift */,
				A975B2E32AE95DE800321AB2 /* ProductAPIModel.swift */,
				A975B2E52AE95E7100321AB2 /* TransactionAPIModel.swift */,
			);
			path = Model;
			sourceTree = "<group>";
		};
		A9D565552AE2822500085CE2 /* ViewModel */ = {
			isa = PBXGroup;
			children = (
				A975B2D42AE9440A00321AB2 /* Request */,
			);
			path = ViewModel;
			sourceTree = "<group>";
		};
		A9D565562AE2822B00085CE2 /* Helpers */ = {
			isa = PBXGroup;
			children = (
				A913A0AC2AE6AE5000F8ACBE /* Notification */,
				C382A4052AE286B700AA4C48 /* CategorieCard.swift */,
				CACC4EAD2AE2BAD800DCBDCA /* ChatRow.swift */,
				CACC4EAB2AE2BA7F00DCBDCA /* Chatbase.swift */,
				C382A4032AE2865C00AA4C48 /* Searchtab.swift */,
				EB30B1A32AE2A14E00B75A21 /* CardThematique.swift */,
				EB30B19C2AE2860800B75A21 /* CardProduit.swift */,
				EB30B19A2AE2860200B75A21 /* CardCollection.swift */,
				EB30B1A12AE2A14000B75A21 /* CardCategorie.swift */,
				A9D565722AE285EC00085CE2 /* CreateurFiltre.swift */,
				CACC4EB12AE2BB3500DCBDCA /* Date+Helpers.swift */,
				A9D565592AE2827E00085CE2 /* LargeButton.swift */,
				A9D5655B2AE2827F00085CE2 /* PiluleLabel.swift */,
				EB30B1922AE285DB00B75A21 /* PiluleStatut.swift */,
				EB30B1942AE285ED00B75A21 /* SmallButton.swift */,
				A9D565752AE285EC00085CE2 /* SmallButtonDestination.swift */,
				A9D565732AE285EC00085CE2 /* SmallButtonToggle.swift */,
				EB30B1962AE285F300B75A21 /* SmallCard.swift */,
				EBA511332AE2CD1200210517 /* MiniCard.swift */,
				A9D565742AE285EC00085CE2 /* SmallCreator.swift */,
				A913A0A22AE6641D00F8ACBE /* CommandReturnCard.swift */,
				EB30B1982AE285F800B75A21 /* TextFieldProfil.swift */,
				EBA511352AE65A9F00210517 /* StarView.swift */,
				EBA511372AE65B0500210517 /* AvisCard.swift */,
				EBA5113B2AE670A000210517 /* ArticlePanierCard.swift */,
				EB2E07F82AE7EB1F0078373A /* LocationManager.swift */,
				EB2E07FA2AE804B20078373A /* LikeButton.swift */,
				EB2E07FD2AE81C9C0078373A /* ARButton.swift */,
				EB2E08032AE90F170078373A /* TitleCard.swift */,
				EB2E08052AE91CF10078373A /* PopUp.swift */,
			);
			path = Helpers;
			sourceTree = "<group>";
		};
		A9D565692AE2829200085CE2 /* Fonts */ = {
			isa = PBXGroup;
			children = (
				A9D5656A2AE2829200085CE2 /* Italiana.ttf */,
				A9D5656B2AE2829200085CE2 /* LibreFranklin.ttf */,
				A9D5656C2AE2829200085CE2 /* Italianno.ttf */,
			);
			path = Fonts;
			sourceTree = "<group>";
		};
		EB2E07FC2AE819410078373A /* MainViews */ = {
			isa = PBXGroup;
			children = (
				A9D5655F2AE2827F00085CE2 /* CreationView.swift */,
				A9D5655D2AE2827F00085CE2 /* EventView.swift */,
				A9D5655C2AE2827F00085CE2 /* FavorisView.swift */,
				A9D5655A2AE2827F00085CE2 /* PanierView.swift */,
				A9D565602AE2827F00085CE2 /* ProfilView.swift */,
			);
			path = MainViews;
			sourceTree = "<group>";
		};
/* End PBXGroup section */

/* Begin PBXNativeTarget section */
		A9D565402AE2814100085CE2 /* EtiK_AFP */ = {
			isa = PBXNativeTarget;
			buildConfigurationList = A9D5654F2AE2814300085CE2 /* Build configuration list for PBXNativeTarget "EtiK_AFP" */;
			buildPhases = (
				A9D5653D2AE2814100085CE2 /* Sources */,
				A9D5653E2AE2814100085CE2 /* Frameworks */,
				A9D5653F2AE2814100085CE2 /* Resources */,
			);
			buildRules = (
			);
			dependencies = (
			);
			name = EtiK_AFP;
			productName = EtiK_AFP;
			productReference = A9D565412AE2814100085CE2 /* EtiK_AFP.app */;
			productType = "com.apple.product-type.application";
		};
/* End PBXNativeTarget section */

/* Begin PBXProject section */
		A9D565392AE2814000085CE2 /* Project object */ = {
			isa = PBXProject;
			attributes = {
				BuildIndependentTargetsInParallel = 1;
				LastSwiftUpdateCheck = 1500;
				LastUpgradeCheck = 1500;
				TargetAttributes = {
					A9D565402AE2814100085CE2 = {
						CreatedOnToolsVersion = 15.0;
					};
				};
			};
			buildConfigurationList = A9D5653C2AE2814000085CE2 /* Build configuration list for PBXProject "EtiK_AFP" */;
			compatibilityVersion = "Xcode 14.0";
			developmentRegion = en;
			hasScannedForEncodings = 0;
			knownRegions = (
				en,
				Base,
			);
			mainGroup = A9D565382AE2814000085CE2;
			productRefGroup = A9D565422AE2814100085CE2 /* Products */;
			projectDirPath = "";
			projectRoot = "";
			targets = (
				A9D565402AE2814100085CE2 /* EtiK_AFP */,
			);
		};
/* End PBXProject section */

/* Begin PBXResourcesBuildPhase section */
		A9D5653F2AE2814100085CE2 /* Resources */ = {
			isa = PBXResourcesBuildPhase;
			buildActionMask = 2147483647;
			files = (
				A9D5656F2AE2829200085CE2 /* Italianno.ttf in Resources */,
				A9D5656E2AE2829200085CE2 /* LibreFranklin.ttf in Resources */,
				A9D5654C2AE2814300085CE2 /* Preview Assets.xcassets in Resources */,
				A9D5656D2AE2829200085CE2 /* Italiana.ttf in Resources */,
				A9D565492AE2814300085CE2 /* Assets.xcassets in Resources */,
			);
			runOnlyForDeploymentPostprocessing = 0;
		};
/* End PBXResourcesBuildPhase section */

/* Begin PBXSourcesBuildPhase section */
		A9D5653D2AE2814100085CE2 /* Sources */ = {
			isa = PBXSourcesBuildPhase;
			buildActionMask = 2147483647;
			files = (
				A975B2EC2AE95F6500321AB2 /* EventAPIRequest.swift in Sources */,
				EB2E07FE2AE81C9C0078373A /* ARButton.swift in Sources */,
				A9D5657D2AE285F800085CE2 /* CreatorDetailView.swift in Sources */,
				EBA5113E2AE6791400210517 /* ArticleModel.swift in Sources */,
				A9D954D82AE2A2B800C6933D /* ReturnArticleView.swift in Sources */,
				67B185882AE93A2500E9822B /* AboutView.swift in Sources */,
				67B1858A2AE93A9800E9822B /* SupportView.swift in Sources */,
				A9D565662AE2828000085CE2 /* DetailProduit.swift in Sources */,
				EB30B1932AE285DB00B75A21 /* PiluleStatut.swift in Sources */,
				A9D565582AE2826300085CE2 /* LandingView.swift in Sources */,
				A9D565792AE285ED00085CE2 /* SmallButtonDestination.swift in Sources */,
				67B185862AE9384800E9822B /* LangueView.swift in Sources */,
				A9D565652AE2828000085CE2 /* EventView.swift in Sources */,
				EBA5113C2AE670A000210517 /* ArticlePanierCard.swift in Sources */,
				A9D565782AE285EC00085CE2 /* SmallCreator.swift in Sources */,
				EBA511382AE65B0500210517 /* AvisCard.swift in Sources */,
				A913A0A52AE6667300F8ACBE /* CommandDetailView.swift in Sources */,
				EB2E07FB2AE804B20078373A /* LikeButton.swift in Sources */,
				EB2E07F92AE7EB1F0078373A /* LocationManager.swift in Sources */,
				C382A4062AE286B700AA4C48 /* CategorieCard.swift in Sources */,
				A975B2E02AE9505000321AB2 /* TestAPIView.swift in Sources */,
				A975B2EA2AE95F5900321AB2 /* CreatorAPIRequest.swift in Sources */,
				A9D565652AE2828000085CE2 /* EventView.swift in Sources */,
				A9D565622AE2828000085CE2 /* PanierView.swift in Sources */,
				A9D565452AE2814100085CE2 /* EtiK_AFPApp.swift in Sources */,
				A975B2D82AE944F500321AB2 /* UserAPIModel.swift in Sources */,
				67B185802AE7A81A00E9822B /* DetailEventView.swift in Sources */,
				A913A0AE2AE6AE7600F8ACBE /* NotifView.swift in Sources */,
				C382A4042AE2865C00AA4C48 /* Searchtab.swift in Sources */,
				EB30B19B2AE2860200B75A21 /* CardCollection.swift in Sources */,
				A9D565772AE285EC00085CE2 /* SmallButtonToggle.swift in Sources */,
				EBA511342AE2CD1200210517 /* MiniCard.swift in Sources */,
				A9D954D62AE29EB800C6933D /* RGPDView.swift in Sources */,
				EB2E08042AE90F170078373A /* TitleCard.swift in Sources */,
				A9D565762AE285EC00085CE2 /* CreateurFiltre.swift in Sources */,
				EB30B1A62AE2AC3900B75A21 /* CatalogueView.swift in Sources */,
				A975B2DE2AE9467D00321AB2 /* local.env.swift in Sources */,
				A9D565672AE2828000085CE2 /* CreationView.swift in Sources */,
				A975B2E62AE95E7100321AB2 /* TransactionAPIModel.swift in Sources */,
				A9D565682AE2828000085CE2 /* ProfilView.swift in Sources */,
				CACC4EB02AE2BB0900DCBDCA /* ChatView.swift in Sources */,
				A975B2D62AE9442200321AB2 /* UserAPIRequest.swift in Sources */,
				A9D565642AE2828000085CE2 /* FavorisView.swift in Sources */,
				A913A0A32AE6641D00F8ACBE /* CommandReturnCard.swift in Sources */,
				CACC4EB42AE2BBB000DCBDCA /* ChatModel.swift in Sources */,
				CACC4EB22AE2BB3500DCBDCA /* Date+Helpers.swift in Sources */,
				EBA5113A2AE65F6100210517 /* AvisView.swift in Sources */,
				CACC4EAE2AE2BAD800DCBDCA /* ChatRow.swift in Sources */,
				67B185702AE2883500E9822B /* LoginView.swift in Sources */,
				A913A09F2AE65C7900F8ACBE /* NotifParamView.swift in Sources */,
				A9D565632AE2828000085CE2 /* PiluleLabel.swift in Sources */,
				A975B2E82AE95F4C00321AB2 /* ProductAPIRequest.swift in Sources */,
				A975B2EE2AE95F7000321AB2 /* TransactionAPIRequest.swift in Sources */,
				67B185842AE7B12D00E9822B /* EventScreenView.swift in Sources */,
				A975B2DC2AE9462600321AB2 /* DataBaseImageAPIModel.swift in Sources */,
				67B185722AE28CE200E9822B /* ModifCompteView.swift in Sources */,
				EB30B1992AE285F800B75A21 /* TextFieldProfil.swift in Sources */,
				67B185822AE7A83100E9822B /* ParametreView.swift in Sources */,
				EB30B1952AE285ED00B75A21 /* SmallButton.swift in Sources */,
				A913A0A12AE6602500F8ACBE /* MyCommandsView.swift in Sources */,
				A9D565632AE2828000085CE2 /* PiluleLabel.swift in Sources */,
				EB30B1A22AE2A14000B75A21 /* CardCategorie.swift in Sources */,
				EB30B1A42AE2A14E00B75A21 /* CardThematique.swift in Sources */,
				EB2E08062AE91CF10078373A /* PopUp.swift in Sources */,
				EB30B19D2AE2860800B75A21 /* CardProduit.swift in Sources */,
				EB30B1972AE285F300B75A21 /* SmallCard.swift in Sources */,
				A9D5657C2AE285F800085CE2 /* FollowedCreatorView.swift in Sources */,
				A9D565612AE2828000085CE2 /* LargeButton.swift in Sources */,
				A975B2E22AE95D3F00321AB2 /* EventAPIModel.swift in Sources */,
				EBA511362AE65A9F00210517 /* StarView.swift in Sources */,
				CACC4EAC2AE2BA7F00DCBDCA /* Chatbase.swift in Sources */,
				A975B2DA2AE9455500321AB2 /* CreatorAPIModel.swift in Sources */,
				A975B2E42AE95DE800321AB2 /* ProductAPIModel.swift in Sources */,
				A913A0AB2AE6ACC800F8ACBE /* NotificationHandler.swift in Sources */,
			);
			runOnlyForDeploymentPostprocessing = 0;
		};
/* End PBXSourcesBuildPhase section */

/* Begin XCBuildConfiguration section */
		A9D5654D2AE2814300085CE2 /* Debug */ = {
			isa = XCBuildConfiguration;
			buildSettings = {
				ALWAYS_SEARCH_USER_PATHS = NO;
				ASSETCATALOG_COMPILER_GENERATE_SWIFT_ASSET_SYMBOL_EXTENSIONS = YES;
				CLANG_ANALYZER_NONNULL = YES;
				CLANG_ANALYZER_NUMBER_OBJECT_CONVERSION = YES_AGGRESSIVE;
				CLANG_CXX_LANGUAGE_STANDARD = "gnu++20";
				CLANG_ENABLE_MODULES = YES;
				CLANG_ENABLE_OBJC_ARC = YES;
				CLANG_ENABLE_OBJC_WEAK = YES;
				CLANG_WARN_BLOCK_CAPTURE_AUTORELEASING = YES;
				CLANG_WARN_BOOL_CONVERSION = YES;
				CLANG_WARN_COMMA = YES;
				CLANG_WARN_CONSTANT_CONVERSION = YES;
				CLANG_WARN_DEPRECATED_OBJC_IMPLEMENTATIONS = YES;
				CLANG_WARN_DIRECT_OBJC_ISA_USAGE = YES_ERROR;
				CLANG_WARN_DOCUMENTATION_COMMENTS = YES;
				CLANG_WARN_EMPTY_BODY = YES;
				CLANG_WARN_ENUM_CONVERSION = YES;
				CLANG_WARN_INFINITE_RECURSION = YES;
				CLANG_WARN_INT_CONVERSION = YES;
				CLANG_WARN_NON_LITERAL_NULL_CONVERSION = YES;
				CLANG_WARN_OBJC_IMPLICIT_RETAIN_SELF = YES;
				CLANG_WARN_OBJC_LITERAL_CONVERSION = YES;
				CLANG_WARN_OBJC_ROOT_CLASS = YES_ERROR;
				CLANG_WARN_QUOTED_INCLUDE_IN_FRAMEWORK_HEADER = YES;
				CLANG_WARN_RANGE_LOOP_ANALYSIS = YES;
				CLANG_WARN_STRICT_PROTOTYPES = YES;
				CLANG_WARN_SUSPICIOUS_MOVE = YES;
				CLANG_WARN_UNGUARDED_AVAILABILITY = YES_AGGRESSIVE;
				CLANG_WARN_UNREACHABLE_CODE = YES;
				CLANG_WARN__DUPLICATE_METHOD_MATCH = YES;
				COPY_PHASE_STRIP = NO;
				DEBUG_INFORMATION_FORMAT = dwarf;
				ENABLE_STRICT_OBJC_MSGSEND = YES;
				ENABLE_TESTABILITY = YES;
				ENABLE_USER_SCRIPT_SANDBOXING = YES;
				GCC_C_LANGUAGE_STANDARD = gnu17;
				GCC_DYNAMIC_NO_PIC = NO;
				GCC_NO_COMMON_BLOCKS = YES;
				GCC_OPTIMIZATION_LEVEL = 0;
				GCC_PREPROCESSOR_DEFINITIONS = (
					"DEBUG=1",
					"$(inherited)",
				);
				GCC_WARN_64_TO_32_BIT_CONVERSION = YES;
				GCC_WARN_ABOUT_RETURN_TYPE = YES_ERROR;
				GCC_WARN_UNDECLARED_SELECTOR = YES;
				GCC_WARN_UNINITIALIZED_AUTOS = YES_AGGRESSIVE;
				GCC_WARN_UNUSED_FUNCTION = YES;
				GCC_WARN_UNUSED_VARIABLE = YES;
				IPHONEOS_DEPLOYMENT_TARGET = 17.0;
				LOCALIZATION_PREFERS_STRING_CATALOGS = YES;
				MTL_ENABLE_DEBUG_INFO = INCLUDE_SOURCE;
				MTL_FAST_MATH = YES;
				ONLY_ACTIVE_ARCH = YES;
				SDKROOT = iphoneos;
				SWIFT_ACTIVE_COMPILATION_CONDITIONS = "DEBUG $(inherited)";
				SWIFT_OPTIMIZATION_LEVEL = "-Onone";
			};
			name = Debug;
		};
		A9D5654E2AE2814300085CE2 /* Release */ = {
			isa = XCBuildConfiguration;
			buildSettings = {
				ALWAYS_SEARCH_USER_PATHS = NO;
				ASSETCATALOG_COMPILER_GENERATE_SWIFT_ASSET_SYMBOL_EXTENSIONS = YES;
				CLANG_ANALYZER_NONNULL = YES;
				CLANG_ANALYZER_NUMBER_OBJECT_CONVERSION = YES_AGGRESSIVE;
				CLANG_CXX_LANGUAGE_STANDARD = "gnu++20";
				CLANG_ENABLE_MODULES = YES;
				CLANG_ENABLE_OBJC_ARC = YES;
				CLANG_ENABLE_OBJC_WEAK = YES;
				CLANG_WARN_BLOCK_CAPTURE_AUTORELEASING = YES;
				CLANG_WARN_BOOL_CONVERSION = YES;
				CLANG_WARN_COMMA = YES;
				CLANG_WARN_CONSTANT_CONVERSION = YES;
				CLANG_WARN_DEPRECATED_OBJC_IMPLEMENTATIONS = YES;
				CLANG_WARN_DIRECT_OBJC_ISA_USAGE = YES_ERROR;
				CLANG_WARN_DOCUMENTATION_COMMENTS = YES;
				CLANG_WARN_EMPTY_BODY = YES;
				CLANG_WARN_ENUM_CONVERSION = YES;
				CLANG_WARN_INFINITE_RECURSION = YES;
				CLANG_WARN_INT_CONVERSION = YES;
				CLANG_WARN_NON_LITERAL_NULL_CONVERSION = YES;
				CLANG_WARN_OBJC_IMPLICIT_RETAIN_SELF = YES;
				CLANG_WARN_OBJC_LITERAL_CONVERSION = YES;
				CLANG_WARN_OBJC_ROOT_CLASS = YES_ERROR;
				CLANG_WARN_QUOTED_INCLUDE_IN_FRAMEWORK_HEADER = YES;
				CLANG_WARN_RANGE_LOOP_ANALYSIS = YES;
				CLANG_WARN_STRICT_PROTOTYPES = YES;
				CLANG_WARN_SUSPICIOUS_MOVE = YES;
				CLANG_WARN_UNGUARDED_AVAILABILITY = YES_AGGRESSIVE;
				CLANG_WARN_UNREACHABLE_CODE = YES;
				CLANG_WARN__DUPLICATE_METHOD_MATCH = YES;
				COPY_PHASE_STRIP = NO;
				DEBUG_INFORMATION_FORMAT = "dwarf-with-dsym";
				ENABLE_NS_ASSERTIONS = NO;
				ENABLE_STRICT_OBJC_MSGSEND = YES;
				ENABLE_USER_SCRIPT_SANDBOXING = YES;
				GCC_C_LANGUAGE_STANDARD = gnu17;
				GCC_NO_COMMON_BLOCKS = YES;
				GCC_WARN_64_TO_32_BIT_CONVERSION = YES;
				GCC_WARN_ABOUT_RETURN_TYPE = YES_ERROR;
				GCC_WARN_UNDECLARED_SELECTOR = YES;
				GCC_WARN_UNINITIALIZED_AUTOS = YES_AGGRESSIVE;
				GCC_WARN_UNUSED_FUNCTION = YES;
				GCC_WARN_UNUSED_VARIABLE = YES;
				IPHONEOS_DEPLOYMENT_TARGET = 17.0;
				LOCALIZATION_PREFERS_STRING_CATALOGS = YES;
				MTL_ENABLE_DEBUG_INFO = NO;
				MTL_FAST_MATH = YES;
				SDKROOT = iphoneos;
				SWIFT_COMPILATION_MODE = wholemodule;
				VALIDATE_PRODUCT = YES;
			};
			name = Release;
		};
		A9D565502AE2814300085CE2 /* Debug */ = {
			isa = XCBuildConfiguration;
			buildSettings = {
				ASSETCATALOG_COMPILER_APPICON_NAME = AppIcon;
				ASSETCATALOG_COMPILER_GLOBAL_ACCENT_COLOR_NAME = AccentColor;
				CODE_SIGN_STYLE = Automatic;
				CURRENT_PROJECT_VERSION = 1;
				DEVELOPMENT_ASSET_PATHS = "\"EtiK_AFP/Preview Content\"";
				ENABLE_PREVIEWS = YES;
				GENERATE_INFOPLIST_FILE = YES;
				INFOPLIST_FILE = "EtiK-AFP-Info.plist";
				INFOPLIST_KEY_NSLocationWhenInUseUsageDescription = "Autoriser l'app";
				INFOPLIST_KEY_UIApplicationSceneManifest_Generation = YES;
				INFOPLIST_KEY_UIApplicationSupportsIndirectInputEvents = YES;
				INFOPLIST_KEY_UILaunchScreen_Generation = YES;
				INFOPLIST_KEY_UISupportedInterfaceOrientations_iPad = "UIInterfaceOrientationPortrait UIInterfaceOrientationPortraitUpsideDown UIInterfaceOrientationLandscapeLeft UIInterfaceOrientationLandscapeRight";
				INFOPLIST_KEY_UISupportedInterfaceOrientations_iPhone = "UIInterfaceOrientationPortrait UIInterfaceOrientationLandscapeLeft UIInterfaceOrientationLandscapeRight";
				LD_RUNPATH_SEARCH_PATHS = (
					"$(inherited)",
					"@executable_path/Frameworks",
				);
				MARKETING_VERSION = 1.0;
				PRODUCT_BUNDLE_IDENTIFIER = "me.leguay.sylvain.EtiK-AFP";
				PRODUCT_NAME = "$(TARGET_NAME)";
				SWIFT_EMIT_LOC_STRINGS = YES;
				SWIFT_VERSION = 5.0;
				TARGETED_DEVICE_FAMILY = "1,2";
			};
			name = Debug;
		};
		A9D565512AE2814300085CE2 /* Release */ = {
			isa = XCBuildConfiguration;
			buildSettings = {
				ASSETCATALOG_COMPILER_APPICON_NAME = AppIcon;
				ASSETCATALOG_COMPILER_GLOBAL_ACCENT_COLOR_NAME = AccentColor;
				CODE_SIGN_STYLE = Automatic;
				CURRENT_PROJECT_VERSION = 1;
				DEVELOPMENT_ASSET_PATHS = "\"EtiK_AFP/Preview Content\"";
				ENABLE_PREVIEWS = YES;
				GENERATE_INFOPLIST_FILE = YES;
				INFOPLIST_FILE = "EtiK-AFP-Info.plist";
				INFOPLIST_KEY_NSLocationWhenInUseUsageDescription = "Autoriser l'app";
				INFOPLIST_KEY_UIApplicationSceneManifest_Generation = YES;
				INFOPLIST_KEY_UIApplicationSupportsIndirectInputEvents = YES;
				INFOPLIST_KEY_UILaunchScreen_Generation = YES;
				INFOPLIST_KEY_UISupportedInterfaceOrientations_iPad = "UIInterfaceOrientationPortrait UIInterfaceOrientationPortraitUpsideDown UIInterfaceOrientationLandscapeLeft UIInterfaceOrientationLandscapeRight";
				INFOPLIST_KEY_UISupportedInterfaceOrientations_iPhone = "UIInterfaceOrientationPortrait UIInterfaceOrientationLandscapeLeft UIInterfaceOrientationLandscapeRight";
				LD_RUNPATH_SEARCH_PATHS = (
					"$(inherited)",
					"@executable_path/Frameworks",
				);
				MARKETING_VERSION = 1.0;
				PRODUCT_BUNDLE_IDENTIFIER = "me.leguay.sylvain.EtiK-AFP";
				PRODUCT_NAME = "$(TARGET_NAME)";
				SWIFT_EMIT_LOC_STRINGS = YES;
				SWIFT_VERSION = 5.0;
				TARGETED_DEVICE_FAMILY = "1,2";
			};
			name = Release;
		};
/* End XCBuildConfiguration section */

/* Begin XCConfigurationList section */
		A9D5653C2AE2814000085CE2 /* Build configuration list for PBXProject "EtiK_AFP" */ = {
			isa = XCConfigurationList;
			buildConfigurations = (
				A9D5654D2AE2814300085CE2 /* Debug */,
				A9D5654E2AE2814300085CE2 /* Release */,
			);
			defaultConfigurationIsVisible = 0;
			defaultConfigurationName = Release;
		};
		A9D5654F2AE2814300085CE2 /* Build configuration list for PBXNativeTarget "EtiK_AFP" */ = {
			isa = XCConfigurationList;
			buildConfigurations = (
				A9D565502AE2814300085CE2 /* Debug */,
				A9D565512AE2814300085CE2 /* Release */,
			);
			defaultConfigurationIsVisible = 0;
			defaultConfigurationName = Release;
		};
/* End XCConfigurationList section */
	};
	rootObject = A9D565392AE2814000085CE2 /* Project object */;
}
